
Microsoft Visual Studio Solution File, Format Version 12.00
# Visual Studio Version 17
VisualStudioVersion = 17.0.32014.148
MinimumVisualStudioVersion = 10.0.40219.1
Project("{9A19103F-16F7-4668-BE54-9A1E7A4F7556}") = "YourDocs", "YourDocs.csproj", "{D5705E4A-D632-4D49-A4D3-8CE51D6311FC}"
EndProject
Project("{FAE04EC0-301F-11D3-BF4B-00C04F79EFBC}") = "YourDocs.Models", "..\YourDocs.Models\YourDocs.Models.csproj", "{5E495FCE-80EC-4297-8E1E-592D63E2B72E}"
EndProject
Project("{FAE04EC0-301F-11D3-BF4B-00C04F79EFBC}") = "YourDocs.Data", "..\YourDocs.Data\YourDocs.Data.csproj", "{C16DFEFF-CE16-48CF-AC6C-2DA02E68626F}"
EndProject
Global
	GlobalSection(SolutionConfigurationPlatforms) = preSolution
		Debug|Any CPU = Debug|Any CPU
		Release|Any CPU = Release|Any CPU
	EndGlobalSection
	GlobalSection(ProjectConfigurationPlatforms) = postSolution
		{D5705E4A-D632-4D49-A4D3-8CE51D6311FC}.Debug|Any CPU.ActiveCfg = Debug|Any CPU
		{D5705E4A-D632-4D49-A4D3-8CE51D6311FC}.Debug|Any CPU.Build.0 = Debug|Any CPU
		{D5705E4A-D632-4D49-A4D3-8CE51D6311FC}.Release|Any CPU.ActiveCfg = Release|Any CPU
		{D5705E4A-D632-4D49-A4D3-8CE51D6311FC}.Release|Any CPU.Build.0 = Release|Any CPU
		{5E495FCE-80EC-4297-8E1E-592D63E2B72E}.Debug|Any CPU.ActiveCfg = Debug|Any CPU
		{5E495FCE-80EC-4297-8E1E-592D63E2B72E}.Debug|Any CPU.Build.0 = Debug|Any CPU
		{5E495FCE-80EC-4297-8E1E-592D63E2B72E}.Release|Any CPU.ActiveCfg = Release|Any CPU
		{5E495FCE-80EC-4297-8E1E-592D63E2B72E}.Release|Any CPU.Build.0 = Release|Any CPU
		{C16DFEFF-CE16-48CF-AC6C-2DA02E68626F}.Debug|Any CPU.ActiveCfg = Debug|Any CPU
		{C16DFEFF-CE16-48CF-AC6C-2DA02E68626F}.Debug|Any CPU.Build.0 = Debug|Any CPU
		{C16DFEFF-CE16-48CF-AC6C-2DA02E68626F}.Release|Any CPU.ActiveCfg = Release|Any CPU
		{C16DFEFF-CE16-48CF-AC6C-2DA02E68626F}.Release|Any CPU.Build.0 = Release|Any CPU
	EndGlobalSection
	GlobalSection(SolutionProperties) = preSolution
		HideSolutionNode = FALSE
	EndGlobalSection
	GlobalSection(ExtensibilityGlobals) = postSolution
		SolutionGuid = {258A95DA-5CD0-4045-BD28-69A6699B6867}
	EndGlobalSection
EndGlobal
